
Microsoft Visual Studio Solution File, Format Version 12.00
# Visual Studio 15
VisualStudioVersion = 15.0.26730.16
MinimumVisualStudioVersion = 10.0.40219.1
Project("{FAE04EC0-301F-11D3-BF4B-00C04F79EFBC}") = "DVDSYS", "DVDSYS\DVDSYS.csproj", "{1686A10B-D8BC-4E07-AF17-8A273D2E57EE}"
EndProject
Global
	GlobalSection(SolutionConfigurationPlatforms) = preSolution
		Debug|Any CPU = Debug|Any CPU
		Release|Any CPU = Release|Any CPU
	EndGlobalSection
	GlobalSection(ProjectConfigurationPlatforms) = postSolution
		{1686A10B-D8BC-4E07-AF17-8A273D2E57EE}.Debug|Any CPU.ActiveCfg = Debug|Any CPU
		{1686A10B-D8BC-4E07-AF17-8A273D2E57EE}.Debug|Any CPU.Build.0 = Debug|Any CPU
		{1686A10B-D8BC-4E07-AF17-8A273D2E57EE}.Release|Any CPU.ActiveCfg = Release|Any CPU
		{1686A10B-D8BC-4E07-AF17-8A273D2E57EE}.Release|Any CPU.Build.0 = Release|Any CPU
	EndGlobalSection
	GlobalSection(SolutionProperties) = preSolution
		HideSolutionNode = FALSE
	EndGlobalSection
	GlobalSection(ExtensibilityGlobals) = postSolution
		SolutionGuid = {30B19800-0F5B-4EF6-8E2B-E6E65BD25036}
	EndGlobalSection
EndGlobal
